# THIS IS AN AUTOGENERATED FILE. DO NOT EDIT THIS FILE DIRECTLY.
# yarn lockfile v1


lazyload@^2.0.0-rc.2:
  version "2.0.0-rc.2"
  resolved "https://registry.yarnpkg.com/lazyload/-/lazyload-2.0.0-rc.2.tgz#c774eb7966f334c9bed2f27580fc333a770eb256"
  integrity sha512-v3OKwYrKHX09eAyeAmkpvVCF5qWZo8rxERT9AVOUFaRwlTIuCyMYVBfHYSra1uyBdKDEHnUkvpZTLgNWI9Y7lA==
